
Microsoft Visual Studio Solution File, Format Version 12.00
Project("{FAE04EC0-301F-11D3-BF4B-00C04F79EFBC}") = "BookingPayments.API", "BookingPayments.API.csproj", "{8C9378C2-0A09-4006-A121-A13041E5BF64}"
EndProject
Project("{2150E333-8FDC-42A3-9474-1A3956D46DE8}") = "Solution Items", "Solution Items", "{3BFE4E42-6A68-42C7-B30D-8AF558517220}"
	ProjectSection(SolutionItems) = preProject
		compose.yaml = compose.yaml
	EndProjectSection
EndProject
Global
	GlobalSection(SolutionConfigurationPlatforms) = preSolution
		Debug|Any CPU = Debug|Any CPU
		Release|Any CPU = Release|Any CPU
	EndGlobalSection
	GlobalSection(ProjectConfigurationPlatforms) = postSolution
		{8C9378C2-0A09-4006-A121-A13041E5BF64}.Debug|Any CPU.ActiveCfg = Debug|Any CPU
		{8C9378C2-0A09-4006-A121-A13041E5BF64}.Debug|Any CPU.Build.0 = Debug|Any CPU
		{8C9378C2-0A09-4006-A121-A13041E5BF64}.Release|Any CPU.ActiveCfg = Release|Any CPU
		{8C9378C2-0A09-4006-A121-A13041E5BF64}.Release|Any CPU.Build.0 = Release|Any CPU
	EndGlobalSection
EndGlobal
