Microsoft Visual Studio Solution File, Format Version 12.00
# Visual Studio Version 17
VisualStudioVersion = 17.5.2.0
MinimumVisualStudioVersion = 10.0.40219.1
Project("{FAE04EC0-301F-11D3-BF4B-00C04F79EFBC}") = "AuthService.API", "AuthService.API\AuthService.API.csproj", "{0D662E8A-431D-753E-CE2D-5CED3050ED5F}"
EndProject
Project("{FAE04EC0-301F-11D3-BF4B-00C04F79EFBC}") = "ExampleService.API", "ExampleService.API\ExampleService.API.csproj", "{A3355C0B-12F9-5C29-D1F5-5695A493AC10}"
EndProject
Project("{FAE04EC0-301F-11D3-BF4B-00C04F79EFBC}") = "NotificationService.API", "NotificationService.API\NotificationService.API.csproj", "{504F9FB0-D579-F8B3-1A04-C86CF524BCE7}"
EndProject
Project("{FAE04EC0-301F-11D3-BF4B-00C04F79EFBC}") = "UserService.API", "UserService.API\UserService.API.csproj", "{04E13BBA-FC1E-7394-4AB5-E46BD1A6170D}"
EndProject
Global
	GlobalSection(SolutionConfigurationPlatforms) = preSolution
		Debug|Any CPU = Debug|Any CPU
		Release|Any CPU = Release|Any CPU
	EndGlobalSection
	GlobalSection(ProjectConfigurationPlatforms) = postSolution
		{0D662E8A-431D-753E-CE2D-5CED3050ED5F}.Debug|Any CPU.ActiveCfg = Debug|Any CPU
		{0D662E8A-431D-753E-CE2D-5CED3050ED5F}.Debug|Any CPU.Build.0 = Debug|Any CPU
		{0D662E8A-431D-753E-CE2D-5CED3050ED5F}.Release|Any CPU.ActiveCfg = Release|Any CPU
		{0D662E8A-431D-753E-CE2D-5CED3050ED5F}.Release|Any CPU.Build.0 = Release|Any CPU
		{A3355C0B-12F9-5C29-D1F5-5695A493AC10}.Debug|Any CPU.ActiveCfg = Debug|Any CPU
		{A3355C0B-12F9-5C29-D1F5-5695A493AC10}.Debug|Any CPU.Build.0 = Debug|Any CPU
		{A3355C0B-12F9-5C29-D1F5-5695A493AC10}.Release|Any CPU.ActiveCfg = Release|Any CPU
		{A3355C0B-12F9-5C29-D1F5-5695A493AC10}.Release|Any CPU.Build.0 = Release|Any CPU
		{504F9FB0-D579-F8B3-1A04-C86CF524BCE7}.Debug|Any CPU.ActiveCfg = Debug|Any CPU
		{504F9FB0-D579-F8B3-1A04-C86CF524BCE7}.Debug|Any CPU.Build.0 = Debug|Any CPU
		{504F9FB0-D579-F8B3-1A04-C86CF524BCE7}.Release|Any CPU.ActiveCfg = Release|Any CPU
		{504F9FB0-D579-F8B3-1A04-C86CF524BCE7}.Release|Any CPU.Build.0 = Release|Any CPU
		{04E13BBA-FC1E-7394-4AB5-E46BD1A6170D}.Debug|Any CPU.ActiveCfg = Debug|Any CPU
		{04E13BBA-FC1E-7394-4AB5-E46BD1A6170D}.Debug|Any CPU.Build.0 = Debug|Any CPU
		{04E13BBA-FC1E-7394-4AB5-E46BD1A6170D}.Release|Any CPU.ActiveCfg = Release|Any CPU
		{04E13BBA-FC1E-7394-4AB5-E46BD1A6170D}.Release|Any CPU.Build.0 = Release|Any CPU
	EndGlobalSection
	GlobalSection(SolutionProperties) = preSolution
		HideSolutionNode = FALSE
	EndGlobalSection
	GlobalSection(ExtensibilityGlobals) = postSolution
		SolutionGuid = {9F35D4C9-CAC0-42D3-96E4-2069A11F8EEF}
	EndGlobalSection
EndGlobal
